
Microsoft Visual Studio Solution File, Format Version 12.00
# Visual Studio Version 16
VisualStudioVersion = 16.0.30114.105
MinimumVisualStudioVersion = 10.0.40219.1
Project("{2150E333-8FDC-42A3-9474-1A3956D46DE8}") = "Services", "Services", "{1EE04567-70F1-40FF-8E79-87EF7FFD65F0}"
EndProject
Project("{2150E333-8FDC-42A3-9474-1A3956D46DE8}") = "Customers", "Customers", "{63F8FE4A-CF7C-45EE-80FB-4DB3EFCF78B6}"
EndProject
Project("{9A19103F-16F7-4668-BE54-9A1E7A4F7556}") = "Customers.API", "Services\Customers\Customers.API\Customers.API.csproj", "{E4F24A47-8D1F-4FF1-B102-B5A5F1D67B55}"
EndProject
Project("{2150E333-8FDC-42A3-9474-1A3956D46DE8}") = "Assets", "Assets", "{2170F097-36B5-422C-A1FD-D74DE7C13980}"
EndProject
Project("{9A19103F-16F7-4668-BE54-9A1E7A4F7556}") = "Assets.API", "Services\Assets\Assets.API\Assets.API.csproj", "{85A2A132-B98E-457E-B50D-7144F4CE4F5E}"
EndProject
Project("{E53339B2-1760-4266-BCC7-CA923CBCF16C}") = "docker-compose", "docker-compose.dcproj", "{53D1EFF2-19A7-447D-A144-8B05C10A4644}"
EndProject
Project("{2150E333-8FDC-42A3-9474-1A3956D46DE8}") = "Scheduler", "Scheduler", "{8680058E-C2EE-482A-9D00-30D4F67E02F7}"
EndProject
Project("{9A19103F-16F7-4668-BE54-9A1E7A4F7556}") = "Scheduler.API", "Services\Scheduler\Scheduler.API\Scheduler.API.csproj", "{A1E5C398-B3D4-40F8-B8B9-220C63626A0C}"
EndProject
Project("{9A19103F-16F7-4668-BE54-9A1E7A4F7556}") = "Scheduler.Grpc", "Services\Scheduler\Scheduler.Grpc\Scheduler.Grpc.csproj", "{68343A9E-B1C8-4C6A-8504-A62F97AD0EA6}"
EndProject
Project("{2150E333-8FDC-42A3-9474-1A3956D46DE8}") = "Solution Items", "Solution Items", "{5B668D44-F856-40BD-B11E-FE5E66C16FEB}"
	ProjectSection(SolutionItems) = preProject
		..\README.md = ..\README.md
		startup.ps1 = startup.ps1
	EndProjectSection
EndProject
Project("{2150E333-8FDC-42A3-9474-1A3956D46DE8}") = "WorkItems", "WorkItems", "{C3AEDF18-084E-4206-8886-7DF38111C29F}"
EndProject
Project("{2150E333-8FDC-42A3-9474-1A3956D46DE8}") = "Notifications", "Notifications", "{9698B554-7EBB-4137-8ED1-227677E2D78A}"
EndProject
Project("{2150E333-8FDC-42A3-9474-1A3956D46DE8}") = "TimeService", "TimeService", "{09FB060B-D20C-4889-9C49-7B6379FD4434}"
EndProject
Project("{2150E333-8FDC-42A3-9474-1A3956D46DE8}") = "Locations", "Locations", "{F6EF0ED2-52B5-423C-BC45-6ADE9DE36308}"
EndProject
Project("{2150E333-8FDC-42A3-9474-1A3956D46DE8}") = "Users", "Users", "{DFC07561-8033-46B7-BC63-CD0BA4CC9F8F}"
EndProject
Project("{9A19103F-16F7-4668-BE54-9A1E7A4F7556}") = "WorkItems.API", "Services\WorkItems\WorkItems.API\WorkItems.API.csproj", "{0CB5512C-DEFB-4DBE-904B-B990A2417AB3}"
EndProject
Global
	GlobalSection(SolutionConfigurationPlatforms) = preSolution
		Debug|Any CPU = Debug|Any CPU
		Debug|x64 = Debug|x64
		Debug|x86 = Debug|x86
		Release|Any CPU = Release|Any CPU
		Release|x64 = Release|x64
		Release|x86 = Release|x86
	EndGlobalSection
	GlobalSection(ProjectConfigurationPlatforms) = postSolution
		{E4F24A47-8D1F-4FF1-B102-B5A5F1D67B55}.Debug|Any CPU.ActiveCfg = Debug|Any CPU
		{E4F24A47-8D1F-4FF1-B102-B5A5F1D67B55}.Debug|Any CPU.Build.0 = Debug|Any CPU
		{E4F24A47-8D1F-4FF1-B102-B5A5F1D67B55}.Debug|x64.ActiveCfg = Debug|Any CPU
		{E4F24A47-8D1F-4FF1-B102-B5A5F1D67B55}.Debug|x64.Build.0 = Debug|Any CPU
		{E4F24A47-8D1F-4FF1-B102-B5A5F1D67B55}.Debug|x86.ActiveCfg = Debug|Any CPU
		{E4F24A47-8D1F-4FF1-B102-B5A5F1D67B55}.Debug|x86.Build.0 = Debug|Any CPU
		{E4F24A47-8D1F-4FF1-B102-B5A5F1D67B55}.Release|Any CPU.ActiveCfg = Release|Any CPU
		{E4F24A47-8D1F-4FF1-B102-B5A5F1D67B55}.Release|Any CPU.Build.0 = Release|Any CPU
		{E4F24A47-8D1F-4FF1-B102-B5A5F1D67B55}.Release|x64.ActiveCfg = Release|Any CPU
		{E4F24A47-8D1F-4FF1-B102-B5A5F1D67B55}.Release|x64.Build.0 = Release|Any CPU
		{E4F24A47-8D1F-4FF1-B102-B5A5F1D67B55}.Release|x86.ActiveCfg = Release|Any CPU
		{E4F24A47-8D1F-4FF1-B102-B5A5F1D67B55}.Release|x86.Build.0 = Release|Any CPU
		{85A2A132-B98E-457E-B50D-7144F4CE4F5E}.Debug|Any CPU.ActiveCfg = Debug|Any CPU
		{85A2A132-B98E-457E-B50D-7144F4CE4F5E}.Debug|Any CPU.Build.0 = Debug|Any CPU
		{85A2A132-B98E-457E-B50D-7144F4CE4F5E}.Debug|x64.ActiveCfg = Debug|Any CPU
		{85A2A132-B98E-457E-B50D-7144F4CE4F5E}.Debug|x64.Build.0 = Debug|Any CPU
		{85A2A132-B98E-457E-B50D-7144F4CE4F5E}.Debug|x86.ActiveCfg = Debug|Any CPU
		{85A2A132-B98E-457E-B50D-7144F4CE4F5E}.Debug|x86.Build.0 = Debug|Any CPU
		{85A2A132-B98E-457E-B50D-7144F4CE4F5E}.Release|Any CPU.ActiveCfg = Release|Any CPU
		{85A2A132-B98E-457E-B50D-7144F4CE4F5E}.Release|Any CPU.Build.0 = Release|Any CPU
		{85A2A132-B98E-457E-B50D-7144F4CE4F5E}.Release|x64.ActiveCfg = Release|Any CPU
		{85A2A132-B98E-457E-B50D-7144F4CE4F5E}.Release|x64.Build.0 = Release|Any CPU
		{85A2A132-B98E-457E-B50D-7144F4CE4F5E}.Release|x86.ActiveCfg = Release|Any CPU
		{85A2A132-B98E-457E-B50D-7144F4CE4F5E}.Release|x86.Build.0 = Release|Any CPU
		{53D1EFF2-19A7-447D-A144-8B05C10A4644}.Debug|Any CPU.ActiveCfg = Debug|Any CPU
		{53D1EFF2-19A7-447D-A144-8B05C10A4644}.Debug|Any CPU.Build.0 = Debug|Any CPU
		{53D1EFF2-19A7-447D-A144-8B05C10A4644}.Debug|x64.ActiveCfg = Debug|Any CPU
		{53D1EFF2-19A7-447D-A144-8B05C10A4644}.Debug|x64.Build.0 = Debug|Any CPU
		{53D1EFF2-19A7-447D-A144-8B05C10A4644}.Debug|x86.ActiveCfg = Debug|Any CPU
		{53D1EFF2-19A7-447D-A144-8B05C10A4644}.Debug|x86.Build.0 = Debug|Any CPU
		{53D1EFF2-19A7-447D-A144-8B05C10A4644}.Release|Any CPU.ActiveCfg = Release|Any CPU
		{53D1EFF2-19A7-447D-A144-8B05C10A4644}.Release|Any CPU.Build.0 = Release|Any CPU
		{53D1EFF2-19A7-447D-A144-8B05C10A4644}.Release|x64.ActiveCfg = Release|Any CPU
		{53D1EFF2-19A7-447D-A144-8B05C10A4644}.Release|x64.Build.0 = Release|Any CPU
		{53D1EFF2-19A7-447D-A144-8B05C10A4644}.Release|x86.ActiveCfg = Release|Any CPU
		{53D1EFF2-19A7-447D-A144-8B05C10A4644}.Release|x86.Build.0 = Release|Any CPU
		{A1E5C398-B3D4-40F8-B8B9-220C63626A0C}.Debug|Any CPU.ActiveCfg = Debug|Any CPU
		{A1E5C398-B3D4-40F8-B8B9-220C63626A0C}.Debug|Any CPU.Build.0 = Debug|Any CPU
		{A1E5C398-B3D4-40F8-B8B9-220C63626A0C}.Debug|x64.ActiveCfg = Debug|Any CPU
		{A1E5C398-B3D4-40F8-B8B9-220C63626A0C}.Debug|x64.Build.0 = Debug|Any CPU
		{A1E5C398-B3D4-40F8-B8B9-220C63626A0C}.Debug|x86.ActiveCfg = Debug|Any CPU
		{A1E5C398-B3D4-40F8-B8B9-220C63626A0C}.Debug|x86.Build.0 = Debug|Any CPU
		{A1E5C398-B3D4-40F8-B8B9-220C63626A0C}.Release|Any CPU.ActiveCfg = Release|Any CPU
		{A1E5C398-B3D4-40F8-B8B9-220C63626A0C}.Release|Any CPU.Build.0 = Release|Any CPU
		{A1E5C398-B3D4-40F8-B8B9-220C63626A0C}.Release|x64.ActiveCfg = Release|Any CPU
		{A1E5C398-B3D4-40F8-B8B9-220C63626A0C}.Release|x64.Build.0 = Release|Any CPU
		{A1E5C398-B3D4-40F8-B8B9-220C63626A0C}.Release|x86.ActiveCfg = Release|Any CPU
		{A1E5C398-B3D4-40F8-B8B9-220C63626A0C}.Release|x86.Build.0 = Release|Any CPU
		{68343A9E-B1C8-4C6A-8504-A62F97AD0EA6}.Debug|Any CPU.ActiveCfg = Debug|Any CPU
		{68343A9E-B1C8-4C6A-8504-A62F97AD0EA6}.Debug|Any CPU.Build.0 = Debug|Any CPU
		{68343A9E-B1C8-4C6A-8504-A62F97AD0EA6}.Debug|x64.ActiveCfg = Debug|Any CPU
		{68343A9E-B1C8-4C6A-8504-A62F97AD0EA6}.Debug|x64.Build.0 = Debug|Any CPU
		{68343A9E-B1C8-4C6A-8504-A62F97AD0EA6}.Debug|x86.ActiveCfg = Debug|Any CPU
		{68343A9E-B1C8-4C6A-8504-A62F97AD0EA6}.Debug|x86.Build.0 = Debug|Any CPU
		{68343A9E-B1C8-4C6A-8504-A62F97AD0EA6}.Release|Any CPU.ActiveCfg = Release|Any CPU
		{68343A9E-B1C8-4C6A-8504-A62F97AD0EA6}.Release|Any CPU.Build.0 = Release|Any CPU
		{68343A9E-B1C8-4C6A-8504-A62F97AD0EA6}.Release|x64.ActiveCfg = Release|Any CPU
		{68343A9E-B1C8-4C6A-8504-A62F97AD0EA6}.Release|x64.Build.0 = Release|Any CPU
		{68343A9E-B1C8-4C6A-8504-A62F97AD0EA6}.Release|x86.ActiveCfg = Release|Any CPU
		{68343A9E-B1C8-4C6A-8504-A62F97AD0EA6}.Release|x86.Build.0 = Release|Any CPU
		{0CB5512C-DEFB-4DBE-904B-B990A2417AB3}.Debug|Any CPU.ActiveCfg = Debug|Any CPU
		{0CB5512C-DEFB-4DBE-904B-B990A2417AB3}.Debug|Any CPU.Build.0 = Debug|Any CPU
		{0CB5512C-DEFB-4DBE-904B-B990A2417AB3}.Debug|x64.ActiveCfg = Debug|Any CPU
		{0CB5512C-DEFB-4DBE-904B-B990A2417AB3}.Debug|x64.Build.0 = Debug|Any CPU
		{0CB5512C-DEFB-4DBE-904B-B990A2417AB3}.Debug|x86.ActiveCfg = Debug|Any CPU
		{0CB5512C-DEFB-4DBE-904B-B990A2417AB3}.Debug|x86.Build.0 = Debug|Any CPU
		{0CB5512C-DEFB-4DBE-904B-B990A2417AB3}.Release|Any CPU.ActiveCfg = Release|Any CPU
		{0CB5512C-DEFB-4DBE-904B-B990A2417AB3}.Release|Any CPU.Build.0 = Release|Any CPU
		{0CB5512C-DEFB-4DBE-904B-B990A2417AB3}.Release|x64.ActiveCfg = Release|Any CPU
		{0CB5512C-DEFB-4DBE-904B-B990A2417AB3}.Release|x64.Build.0 = Release|Any CPU
		{0CB5512C-DEFB-4DBE-904B-B990A2417AB3}.Release|x86.ActiveCfg = Release|Any CPU
		{0CB5512C-DEFB-4DBE-904B-B990A2417AB3}.Release|x86.Build.0 = Release|Any CPU
	EndGlobalSection
	GlobalSection(SolutionProperties) = preSolution
		HideSolutionNode = FALSE
	EndGlobalSection
	GlobalSection(NestedProjects) = preSolution
		{63F8FE4A-CF7C-45EE-80FB-4DB3EFCF78B6} = {1EE04567-70F1-40FF-8E79-87EF7FFD65F0}
		{E4F24A47-8D1F-4FF1-B102-B5A5F1D67B55} = {63F8FE4A-CF7C-45EE-80FB-4DB3EFCF78B6}
		{2170F097-36B5-422C-A1FD-D74DE7C13980} = {1EE04567-70F1-40FF-8E79-87EF7FFD65F0}
		{85A2A132-B98E-457E-B50D-7144F4CE4F5E} = {2170F097-36B5-422C-A1FD-D74DE7C13980}
		{8680058E-C2EE-482A-9D00-30D4F67E02F7} = {1EE04567-70F1-40FF-8E79-87EF7FFD65F0}
		{A1E5C398-B3D4-40F8-B8B9-220C63626A0C} = {8680058E-C2EE-482A-9D00-30D4F67E02F7}
		{68343A9E-B1C8-4C6A-8504-A62F97AD0EA6} = {8680058E-C2EE-482A-9D00-30D4F67E02F7}
		{C3AEDF18-084E-4206-8886-7DF38111C29F} = {1EE04567-70F1-40FF-8E79-87EF7FFD65F0}
		{9698B554-7EBB-4137-8ED1-227677E2D78A} = {1EE04567-70F1-40FF-8E79-87EF7FFD65F0}
		{09FB060B-D20C-4889-9C49-7B6379FD4434} = {1EE04567-70F1-40FF-8E79-87EF7FFD65F0}
		{F6EF0ED2-52B5-423C-BC45-6ADE9DE36308} = {1EE04567-70F1-40FF-8E79-87EF7FFD65F0}
		{DFC07561-8033-46B7-BC63-CD0BA4CC9F8F} = {1EE04567-70F1-40FF-8E79-87EF7FFD65F0}
		{0CB5512C-DEFB-4DBE-904B-B990A2417AB3} = {C3AEDF18-084E-4206-8886-7DF38111C29F}
	EndGlobalSection
	GlobalSection(ExtensibilityGlobals) = postSolution
		SolutionGuid = {747F6E38-EFA0-4336-83E6-D743751ABA3E}
	EndGlobalSection
EndGlobal
