
Microsoft Visual Studio Solution File, Format Version 12.00
# Visual Studio Version 16
VisualStudioVersion = 16.0.30114.105
MinimumVisualStudioVersion = 10.0.40219.1
Project("{2150E333-8FDC-42A3-9474-1A3956D46DE8}") = "services", "services", "{B5BFCBCD-2110-411E-9AF9-EECDF9F12B0B}"
EndProject
Project("{FAE04EC0-301F-11D3-BF4B-00C04F79EFBC}") = "Customers", "services\Customers\Customers.csproj", "{AF3B8F1F-EBC1-4B60-B9CA-AE3019D9AD69}"
EndProject
Global
	GlobalSection(SolutionConfigurationPlatforms) = preSolution
		Debug|Any CPU = Debug|Any CPU
		Debug|x64 = Debug|x64
		Debug|x86 = Debug|x86
		Release|Any CPU = Release|Any CPU
		Release|x64 = Release|x64
		Release|x86 = Release|x86
	EndGlobalSection
	GlobalSection(SolutionProperties) = preSolution
		HideSolutionNode = FALSE
	EndGlobalSection
	GlobalSection(ProjectConfigurationPlatforms) = postSolution
		{AF3B8F1F-EBC1-4B60-B9CA-AE3019D9AD69}.Debug|Any CPU.ActiveCfg = Debug|Any CPU
		{AF3B8F1F-EBC1-4B60-B9CA-AE3019D9AD69}.Debug|Any CPU.Build.0 = Debug|Any CPU
		{AF3B8F1F-EBC1-4B60-B9CA-AE3019D9AD69}.Debug|x64.ActiveCfg = Debug|Any CPU
		{AF3B8F1F-EBC1-4B60-B9CA-AE3019D9AD69}.Debug|x64.Build.0 = Debug|Any CPU
		{AF3B8F1F-EBC1-4B60-B9CA-AE3019D9AD69}.Debug|x86.ActiveCfg = Debug|Any CPU
		{AF3B8F1F-EBC1-4B60-B9CA-AE3019D9AD69}.Debug|x86.Build.0 = Debug|Any CPU
		{AF3B8F1F-EBC1-4B60-B9CA-AE3019D9AD69}.Release|Any CPU.ActiveCfg = Release|Any CPU
		{AF3B8F1F-EBC1-4B60-B9CA-AE3019D9AD69}.Release|Any CPU.Build.0 = Release|Any CPU
		{AF3B8F1F-EBC1-4B60-B9CA-AE3019D9AD69}.Release|x64.ActiveCfg = Release|Any CPU
		{AF3B8F1F-EBC1-4B60-B9CA-AE3019D9AD69}.Release|x64.Build.0 = Release|Any CPU
		{AF3B8F1F-EBC1-4B60-B9CA-AE3019D9AD69}.Release|x86.ActiveCfg = Release|Any CPU
		{AF3B8F1F-EBC1-4B60-B9CA-AE3019D9AD69}.Release|x86.Build.0 = Release|Any CPU
	EndGlobalSection
	GlobalSection(NestedProjects) = preSolution
		{AF3B8F1F-EBC1-4B60-B9CA-AE3019D9AD69} = {B5BFCBCD-2110-411E-9AF9-EECDF9F12B0B}
	EndGlobalSection
EndGlobal
